# This file is automatically @generated by Cargo.
# It is not intended for manual editing.
version = 3

[[package]]
name = "libc"
version = "0.2.126"
source = "registry+https://github.com/rust-lang/crates.io-index"
checksum = "349d5a591cd28b49e1d1037471617a32ddcda5731b99419008085f72d5a53836"

[[package]]
name = "openal"
version = "0.2.2"
source = "registry+https://github.com/rust-lang/crates.io-index"
checksum = "76b816b719df333083f8a4584fa62d00e8d0a2326e72f57f1e86e44d292a8b48"
dependencies = [
 "libc",
 "openal-sys",
]

[[package]]
name = "openal-sys"
version = "1.16.0"
source = "registry+https://github.com/rust-lang/crates.io-index"
checksum = "b521c35ac1eed54f0c97f88739aa61d29991ceff3b626af62d33607dbb47e01f"
dependencies = [
 "libc",
]

[[package]]
name = "raspi-music"
version = "0.1.0"
dependencies = [
 "openal",
]
